
Microsoft Visual Studio Solution File, Format Version 12.00
# Visual Studio Version 16
VisualStudioVersion = 16.0.32510.428
MinimumVisualStudioVersion = 10.0.40219.1
Project("{FAE04EC0-301F-11D3-BF4B-00C04F79EFBC}") = "ExamenParcial", "ExamenParcial\ExamenParcial.csproj", "{4576B94C-2A31-4E32-9834-101AA88CB8EA}"
EndProject
Global
	GlobalSection(SolutionConfigurationPlatforms) = preSolution
		Debug|Any CPU = Debug|Any CPU
		Release|Any CPU = Release|Any CPU
	EndGlobalSection
	GlobalSection(ProjectConfigurationPlatforms) = postSolution
		{4576B94C-2A31-4E32-9834-101AA88CB8EA}.Debug|Any CPU.ActiveCfg = Debug|Any CPU
		{4576B94C-2A31-4E32-9834-101AA88CB8EA}.Debug|Any CPU.Build.0 = Debug|Any CPU
		{4576B94C-2A31-4E32-9834-101AA88CB8EA}.Release|Any CPU.ActiveCfg = Release|Any CPU
		{4576B94C-2A31-4E32-9834-101AA88CB8EA}.Release|Any CPU.Build.0 = Release|Any CPU
	EndGlobalSection
	GlobalSection(SolutionProperties) = preSolution
		HideSolutionNode = FALSE
	EndGlobalSection
	GlobalSection(ExtensibilityGlobals) = postSolution
		SolutionGuid = {DD440169-B2AA-4B53-8501-5F28B3E20386}
	EndGlobalSection
EndGlobal
